
Microsoft Visual Studio Solution File, Format Version 11.00
# Visual Studio 2010
Project("{FAE04EC0-301F-11D3-BF4B-00C04F79EFBC}") = "Assembly-CSharp", "Assembly-CSharp.csproj", "{58b13199-a3fd-e81d-a3b6-c9f32ad49d07}"
EndProject
Project("{FAE04EC0-301F-11D3-BF4B-00C04F79EFBC}") = "Assembly-CSharp-Editor", "Assembly-CSharp-Editor.csproj", "{73764f3f-0cea-206d-7eb2-fe1096e3c687}"
EndProject
Global
	GlobalSection(SolutionConfigurationPlatforms) = preSolution
		Debug|Any CPU = Debug|Any CPU
	EndGlobalSection
	GlobalSection(ProjectConfigurationPlatforms) = postSolution
		{58b13199-a3fd-e81d-a3b6-c9f32ad49d07}.Debug|Any CPU.ActiveCfg = Debug|Any CPU
		{58b13199-a3fd-e81d-a3b6-c9f32ad49d07}.Debug|Any CPU.Build.0 = Debug|Any CPU
		{73764f3f-0cea-206d-7eb2-fe1096e3c687}.Debug|Any CPU.ActiveCfg = Debug|Any CPU
		{73764f3f-0cea-206d-7eb2-fe1096e3c687}.Debug|Any CPU.Build.0 = Debug|Any CPU
	EndGlobalSection
	GlobalSection(SolutionProperties) = preSolution
		HideSolutionNode = FALSE
	EndGlobalSection
EndGlobal
